
Microsoft Visual Studio Solution File, Format Version 12.00
# Visual Studio Version 17
VisualStudioVersion = 17.7.34202.233
MinimumVisualStudioVersion = 10.0.40219.1
Project("{FAE04EC0-301F-11D3-BF4B-00C04F79EFBC}") = "iMarket", "iMarket\iMarket.csproj", "{D2C127A6-6376-4EDE-AE73-38729A6F9DBD}"
EndProject
Global
	GlobalSection(SolutionConfigurationPlatforms) = preSolution
		Debug|Any CPU = Debug|Any CPU
		Release|Any CPU = Release|Any CPU
	EndGlobalSection
	GlobalSection(ProjectConfigurationPlatforms) = postSolution
		{D2C127A6-6376-4EDE-AE73-38729A6F9DBD}.Debug|Any CPU.ActiveCfg = Debug|Any CPU
		{D2C127A6-6376-4EDE-AE73-38729A6F9DBD}.Debug|Any CPU.Build.0 = Debug|Any CPU
		{D2C127A6-6376-4EDE-AE73-38729A6F9DBD}.Release|Any CPU.ActiveCfg = Release|Any CPU
		{D2C127A6-6376-4EDE-AE73-38729A6F9DBD}.Release|Any CPU.Build.0 = Release|Any CPU
	EndGlobalSection
	GlobalSection(SolutionProperties) = preSolution
		HideSolutionNode = FALSE
	EndGlobalSection
	GlobalSection(ExtensibilityGlobals) = postSolution
		SolutionGuid = {13BBCDE4-3182-4140-A832-0206593F53B4}
	EndGlobalSection
EndGlobal
